
Microsoft Visual Studio Solution File, Format Version 12.00
# Visual Studio Version 16
VisualStudioVersion = 16.0.32630.194
MinimumVisualStudioVersion = 10.0.40219.1
Project("{9A19103F-16F7-4668-BE54-9A1E7A4F7556}") = "Catalog", "Catalog\Catalog.csproj", "{AC20CD3C-2B77-4DCC-8603-FF563E41B2C2}"
EndProject
Project("{9A19103F-16F7-4668-BE54-9A1E7A4F7556}") = "Order", "Order\Order.csproj", "{D9F88108-03CD-4567-8041-F1E764E578CF}"
EndProject
Project("{FAE04EC0-301F-11D3-BF4B-00C04F79EFBC}") = "Gateway", "Gateway\Gateway.csproj", "{3BC0672B-3D6B-4E50-B54D-E62FC5CDBB37}"
EndProject
Global
	GlobalSection(SolutionConfigurationPlatforms) = preSolution
		Debug|Any CPU = Debug|Any CPU
		Release|Any CPU = Release|Any CPU
	EndGlobalSection
	GlobalSection(ProjectConfigurationPlatforms) = postSolution
		{AC20CD3C-2B77-4DCC-8603-FF563E41B2C2}.Debug|Any CPU.ActiveCfg = Debug|Any CPU
		{AC20CD3C-2B77-4DCC-8603-FF563E41B2C2}.Debug|Any CPU.Build.0 = Debug|Any CPU
		{AC20CD3C-2B77-4DCC-8603-FF563E41B2C2}.Release|Any CPU.ActiveCfg = Release|Any CPU
		{AC20CD3C-2B77-4DCC-8603-FF563E41B2C2}.Release|Any CPU.Build.0 = Release|Any CPU
		{D9F88108-03CD-4567-8041-F1E764E578CF}.Debug|Any CPU.ActiveCfg = Debug|Any CPU
		{D9F88108-03CD-4567-8041-F1E764E578CF}.Debug|Any CPU.Build.0 = Debug|Any CPU
		{D9F88108-03CD-4567-8041-F1E764E578CF}.Release|Any CPU.ActiveCfg = Release|Any CPU
		{D9F88108-03CD-4567-8041-F1E764E578CF}.Release|Any CPU.Build.0 = Release|Any CPU
		{3BC0672B-3D6B-4E50-B54D-E62FC5CDBB37}.Debug|Any CPU.ActiveCfg = Debug|Any CPU
		{3BC0672B-3D6B-4E50-B54D-E62FC5CDBB37}.Debug|Any CPU.Build.0 = Debug|Any CPU
		{3BC0672B-3D6B-4E50-B54D-E62FC5CDBB37}.Release|Any CPU.ActiveCfg = Release|Any CPU
		{3BC0672B-3D6B-4E50-B54D-E62FC5CDBB37}.Release|Any CPU.Build.0 = Release|Any CPU
	EndGlobalSection
	GlobalSection(SolutionProperties) = preSolution
		HideSolutionNode = FALSE
	EndGlobalSection
	GlobalSection(ExtensibilityGlobals) = postSolution
		SolutionGuid = {7402F999-4E14-46DF-AC33-6048202CD781}
	EndGlobalSection
EndGlobal
