
Microsoft Visual Studio Solution File, Format Version 12.00
# Visual Studio Version 16
VisualStudioVersion = 16.0.32630.194
MinimumVisualStudioVersion = 10.0.40219.1
Project("{FAE04EC0-301F-11D3-BF4B-00C04F79EFBC}") = "FunctionApp1", "FunctionApp1\FunctionApp1.csproj", "{FDF001AB-7D41-4C12-9B3B-B6C2C3BE2876}"
EndProject
Global
	GlobalSection(SolutionConfigurationPlatforms) = preSolution
		Debug|Any CPU = Debug|Any CPU
		Release|Any CPU = Release|Any CPU
	EndGlobalSection
	GlobalSection(ProjectConfigurationPlatforms) = postSolution
		{FDF001AB-7D41-4C12-9B3B-B6C2C3BE2876}.Debug|Any CPU.ActiveCfg = Debug|Any CPU
		{FDF001AB-7D41-4C12-9B3B-B6C2C3BE2876}.Debug|Any CPU.Build.0 = Debug|Any CPU
		{FDF001AB-7D41-4C12-9B3B-B6C2C3BE2876}.Release|Any CPU.ActiveCfg = Release|Any CPU
		{FDF001AB-7D41-4C12-9B3B-B6C2C3BE2876}.Release|Any CPU.Build.0 = Release|Any CPU
	EndGlobalSection
	GlobalSection(SolutionProperties) = preSolution
		HideSolutionNode = FALSE
	EndGlobalSection
	GlobalSection(ExtensibilityGlobals) = postSolution
		SolutionGuid = {BEDC67D3-EB4F-40CC-9870-08CDED6D74E8}
	EndGlobalSection
EndGlobal
