
Microsoft Visual Studio Solution File, Format Version 12.00
# Visual Studio Version 16
VisualStudioVersion = 16.0.32630.194
MinimumVisualStudioVersion = 10.0.40219.1
Project("{FAE04EC0-301F-11D3-BF4B-00C04F79EFBC}") = "VmDeploy", "VmDeploy\VmDeploy.csproj", "{13A9D6DB-295D-40F0-97D3-33791DC10510}"
EndProject
Global
	GlobalSection(SolutionConfigurationPlatforms) = preSolution
		Debug|Any CPU = Debug|Any CPU
		Release|Any CPU = Release|Any CPU
	EndGlobalSection
	GlobalSection(ProjectConfigurationPlatforms) = postSolution
		{13A9D6DB-295D-40F0-97D3-33791DC10510}.Debug|Any CPU.ActiveCfg = Debug|Any CPU
		{13A9D6DB-295D-40F0-97D3-33791DC10510}.Debug|Any CPU.Build.0 = Debug|Any CPU
		{13A9D6DB-295D-40F0-97D3-33791DC10510}.Release|Any CPU.ActiveCfg = Release|Any CPU
		{13A9D6DB-295D-40F0-97D3-33791DC10510}.Release|Any CPU.Build.0 = Release|Any CPU
	EndGlobalSection
	GlobalSection(SolutionProperties) = preSolution
		HideSolutionNode = FALSE
	EndGlobalSection
	GlobalSection(ExtensibilityGlobals) = postSolution
		SolutionGuid = {EA6B9B9F-1DF3-4031-B001-63966C07A05A}
	EndGlobalSection
EndGlobal
